
Microsoft Visual Studio Solution File, Format Version 12.00
# Visual Studio Version 17
VisualStudioVersion = 17.2.32602.215
MinimumVisualStudioVersion = 10.0.40219.1
Project("{9A19103F-16F7-4668-BE54-9A1E7A4F7556}") = "Exam", "Exam\Exam.csproj", "{74EC5D97-EFE3-412E-89AA-402F13083C7C}"
EndProject
Project("{FAE04EC0-301F-11D3-BF4B-00C04F79EFBC}") = "TestJSON", "TestJSON\TestJSON.csproj", "{80CBAD30-1EB4-453F-9144-2D7EB5280FCC}"
EndProject
Global
	GlobalSection(SolutionConfigurationPlatforms) = preSolution
		Debug|Any CPU = Debug|Any CPU
		Release|Any CPU = Release|Any CPU
	EndGlobalSection
	GlobalSection(ProjectConfigurationPlatforms) = postSolution
		{74EC5D97-EFE3-412E-89AA-402F13083C7C}.Debug|Any CPU.ActiveCfg = Debug|Any CPU
		{74EC5D97-EFE3-412E-89AA-402F13083C7C}.Debug|Any CPU.Build.0 = Debug|Any CPU
		{74EC5D97-EFE3-412E-89AA-402F13083C7C}.Release|Any CPU.ActiveCfg = Release|Any CPU
		{74EC5D97-EFE3-412E-89AA-402F13083C7C}.Release|Any CPU.Build.0 = Release|Any CPU
		{80CBAD30-1EB4-453F-9144-2D7EB5280FCC}.Debug|Any CPU.ActiveCfg = Debug|Any CPU
		{80CBAD30-1EB4-453F-9144-2D7EB5280FCC}.Debug|Any CPU.Build.0 = Debug|Any CPU
		{80CBAD30-1EB4-453F-9144-2D7EB5280FCC}.Release|Any CPU.ActiveCfg = Release|Any CPU
		{80CBAD30-1EB4-453F-9144-2D7EB5280FCC}.Release|Any CPU.Build.0 = Release|Any CPU
	EndGlobalSection
	GlobalSection(SolutionProperties) = preSolution
		HideSolutionNode = FALSE
	EndGlobalSection
	GlobalSection(ExtensibilityGlobals) = postSolution
		SolutionGuid = {EF5CC02E-D9CD-4807-8897-11DE28111C4C}
	EndGlobalSection
EndGlobal
